
Microsoft Visual Studio Solution File, Format Version 12.00
# Visual Studio Version 16
VisualStudioVersion = 16.0.30517.126
MinimumVisualStudioVersion = 10.0.40219.1
Project("{FAE04EC0-301F-11D3-BF4B-00C04F79EFBC}") = "ConsoleApp4", "ConsoleApp4\ConsoleApp4.csproj", "{9E18984F-A555-4122-98F6-865768D6CEC3}"
EndProject
Global
	GlobalSection(SolutionConfigurationPlatforms) = preSolution
		Debug|Any CPU = Debug|Any CPU
		Release|Any CPU = Release|Any CPU
	EndGlobalSection
	GlobalSection(ProjectConfigurationPlatforms) = postSolution
		{9E18984F-A555-4122-98F6-865768D6CEC3}.Debug|Any CPU.ActiveCfg = Debug|Any CPU
		{9E18984F-A555-4122-98F6-865768D6CEC3}.Debug|Any CPU.Build.0 = Debug|Any CPU
		{9E18984F-A555-4122-98F6-865768D6CEC3}.Release|Any CPU.ActiveCfg = Release|Any CPU
		{9E18984F-A555-4122-98F6-865768D6CEC3}.Release|Any CPU.Build.0 = Release|Any CPU
	EndGlobalSection
	GlobalSection(SolutionProperties) = preSolution
		HideSolutionNode = FALSE
	EndGlobalSection
	GlobalSection(ExtensibilityGlobals) = postSolution
		SolutionGuid = {E41A0C1F-7AA8-44D3-886F-0D8212403BAA}
	EndGlobalSection
EndGlobal
